[[package]]
name = "attrs"
version = "21.2.0"
description = "Classes Without Boilerplate"
category = "main"
optional = false
python-versions = ">=2.7, !=3.0.*, !=3.1.*, !=3.2.*, !=3.3.*, !=3.4.*"

[package.extras]
dev = ["coverage[toml] (>=5.0.2)", "hypothesis", "pympler", "pytest (>=4.3.0)", "six", "mypy", "pytest-mypy-plugins", "zope.interface", "furo", "sphinx", "sphinx-notfound-page", "pre-commit"]
docs = ["furo", "sphinx", "zope.interface", "sphinx-notfound-page"]
tests = ["coverage[toml] (>=5.0.2)", "hypothesis", "pympler", "pytest (>=4.3.0)", "six", "mypy", "pytest-mypy-plugins", "zope.interface"]
tests_no_zope = ["coverage[toml] (>=5.0.2)", "hypothesis", "pympler", "pytest (>=4.3.0)", "six", "mypy", "pytest-mypy-plugins"]

[[package]]
name = "aws-cdk.assets"
version = "1.142.0"
description = "This module is deprecated. All types are now available under the core module"
category = "main"
optional = false
python-versions = ">=3.6"

[package.dependencies]
"aws-cdk.core" = "1.142.0"
"aws-cdk.cx-api" = "1.142.0"
constructs = ">=3.3.69,<4.0.0"
jsii = ">=1.52.1,<2.0.0"
publication = ">=0.0.3"

[[package]]
name = "aws-cdk.aws-applicationautoscaling"
version = "1.142.0"
description = "The CDK Construct Library for AWS::ApplicationAutoScaling"
category = "main"
optional = false
python-versions = ">=3.6"

[package.dependencies]
"aws-cdk.aws-autoscaling-common" = "1.142.0"
"aws-cdk.aws-cloudwatch" = "1.142.0"
"aws-cdk.aws-iam" = "1.142.0"
"aws-cdk.core" = "1.142.0"
constructs = ">=3.3.69,<4.0.0"
jsii = ">=1.52.1,<2.0.0"
publication = ">=0.0.3"

[[package]]
name = "aws-cdk.aws-autoscaling-common"
version = "1.142.0"
description = "Common implementation package for @aws-cdk/aws-autoscaling and @aws-cdk/aws-applicationautoscaling"
category = "main"
optional = false
python-versions = ">=3.6"

[package.dependencies]
"aws-cdk.aws-iam" = "1.142.0"
"aws-cdk.core" = "1.142.0"
constructs = ">=3.3.69,<4.0.0"
jsii = ">=1.52.1,<2.0.0"
publication = ">=0.0.3"

[[package]]
name = "aws-cdk.aws-cloudwatch"
version = "1.142.0"
description = "The CDK Construct Library for AWS::CloudWatch"
category = "main"
optional = false
python-versions = ">=3.6"

[package.dependencies]
"aws-cdk.aws-iam" = "1.142.0"
"aws-cdk.core" = "1.142.0"
constructs = ">=3.3.69,<4.0.0"
jsii = ">=1.52.1,<2.0.0"
publication = ">=0.0.3"

[[package]]
name = "aws-cdk.aws-codeguruprofiler"
version = "1.142.0"
description = "The CDK Construct Library for AWS::CodeGuruProfiler"
category = "main"
optional = false
python-versions = ">=3.6"

[package.dependencies]
"aws-cdk.aws-iam" = "1.142.0"
"aws-cdk.core" = "1.142.0"
constructs = ">=3.3.69,<4.0.0"
jsii = ">=1.52.1,<2.0.0"
publication = ">=0.0.3"

[[package]]
name = "aws-cdk.aws-ec2"
version = "1.142.0"
description = "The CDK Construct Library for AWS::EC2"
category = "main"
optional = false
python-versions = ">=3.6"

[package.dependencies]
"aws-cdk.aws-cloudwatch" = "1.142.0"
"aws-cdk.aws-iam" = "1.142.0"
"aws-cdk.aws-kms" = "1.142.0"
"aws-cdk.aws-logs" = "1.142.0"
"aws-cdk.aws-s3" = "1.142.0"
"aws-cdk.aws-s3-assets" = "1.142.0"
"aws-cdk.aws-ssm" = "1.142.0"
"aws-cdk.cloud-assembly-schema" = "1.142.0"
"aws-cdk.core" = "1.142.0"
"aws-cdk.cx-api" = "1.142.0"
"aws-cdk.region-info" = "1.142.0"
constructs = ">=3.3.69,<4.0.0"
jsii = ">=1.52.1,<2.0.0"
publication = ">=0.0.3"

[[package]]
name = "aws-cdk.aws-ecr"
version = "1.142.0"
description = "The CDK Construct Library for AWS::ECR"
category = "main"
optional = false
python-versions = ">=3.6"

[package.dependencies]
"aws-cdk.aws-events" = "1.142.0"
"aws-cdk.aws-iam" = "1.142.0"
"aws-cdk.core" = "1.142.0"
constructs = ">=3.3.69,<4.0.0"
jsii = ">=1.52.1,<2.0.0"
publication = ">=0.0.3"

[[package]]
name = "aws-cdk.aws-ecr-assets"
version = "1.142.0"
description = "Docker image assets deployed to ECR"
category = "main"
optional = false
python-versions = ">=3.6"

[package.dependencies]
"aws-cdk.assets" = "1.142.0"
"aws-cdk.aws-ecr" = "1.142.0"
"aws-cdk.aws-iam" = "1.142.0"
"aws-cdk.aws-s3" = "1.142.0"
"aws-cdk.core" = "1.142.0"
"aws-cdk.cx-api" = "1.142.0"
constructs = ">=3.3.69,<4.0.0"
jsii = ">=1.52.1,<2.0.0"
publication = ">=0.0.3"

[[package]]
name = "aws-cdk.aws-efs"
version = "1.142.0"
description = "The CDK Construct Library for AWS::EFS"
category = "main"
optional = false
python-versions = ">=3.6"

[package.dependencies]
"aws-cdk.aws-ec2" = "1.142.0"
"aws-cdk.aws-iam" = "1.142.0"
"aws-cdk.aws-kms" = "1.142.0"
"aws-cdk.cloud-assembly-schema" = "1.142.0"
"aws-cdk.core" = "1.142.0"
"aws-cdk.cx-api" = "1.142.0"
constructs = ">=3.3.69,<4.0.0"
jsii = ">=1.52.1,<2.0.0"
publication = ">=0.0.3"

[[package]]
name = "aws-cdk.aws-events"
version = "1.142.0"
description = "Amazon EventBridge Construct Library"
category = "main"
optional = false
python-versions = ">=3.6"

[package.dependencies]
"aws-cdk.aws-iam" = "1.142.0"
"aws-cdk.core" = "1.142.0"
constructs = ">=3.3.69,<4.0.0"
jsii = ">=1.52.1,<2.0.0"
publication = ">=0.0.3"

[[package]]
name = "aws-cdk.aws-iam"
version = "1.142.0"
description = "CDK routines for easily assigning correct and minimal IAM permissions"
category = "main"
optional = false
python-versions = ">=3.6"

[package.dependencies]
"aws-cdk.core" = "1.142.0"
"aws-cdk.region-info" = "1.142.0"
constructs = ">=3.3.69,<4.0.0"
jsii = ">=1.52.1,<2.0.0"
publication = ">=0.0.3"

[[package]]
name = "aws-cdk.aws-kinesis"
version = "1.142.0"
description = "The CDK Construct Library for AWS::Kinesis"
category = "main"
optional = false
python-versions = ">=3.6"

[package.dependencies]
"aws-cdk.aws-cloudwatch" = "1.142.0"
"aws-cdk.aws-iam" = "1.142.0"
"aws-cdk.aws-kms" = "1.142.0"
"aws-cdk.aws-logs" = "1.142.0"
"aws-cdk.core" = "1.142.0"
constructs = ">=3.3.69,<4.0.0"
jsii = ">=1.52.1,<2.0.0"
publication = ">=0.0.3"

[[package]]
name = "aws-cdk.aws-kinesisfirehose"
version = "1.142.0"
description = "The CDK Construct Library for AWS::KinesisFirehose"
category = "main"
optional = false
python-versions = ">=3.6"

[package.dependencies]
"aws-cdk.aws-cloudwatch" = "1.142.0"
"aws-cdk.aws-ec2" = "1.142.0"
"aws-cdk.aws-iam" = "1.142.0"
"aws-cdk.aws-kinesis" = "1.142.0"
"aws-cdk.aws-kms" = "1.142.0"
"aws-cdk.aws-lambda" = "1.142.0"
"aws-cdk.aws-logs" = "1.142.0"
"aws-cdk.aws-s3" = "1.142.0"
"aws-cdk.core" = "1.142.0"
"aws-cdk.region-info" = "1.142.0"
constructs = ">=3.3.69,<4.0.0"
jsii = ">=1.52.1,<2.0.0"
publication = ">=0.0.3"

[[package]]
name = "aws-cdk.aws-kms"
version = "1.142.0"
description = "The CDK Construct Library for AWS::KMS"
category = "main"
optional = false
python-versions = ">=3.6"

[package.dependencies]
"aws-cdk.aws-iam" = "1.142.0"
"aws-cdk.cloud-assembly-schema" = "1.142.0"
"aws-cdk.core" = "1.142.0"
"aws-cdk.cx-api" = "1.142.0"
constructs = ">=3.3.69,<4.0.0"
jsii = ">=1.52.1,<2.0.0"
publication = ">=0.0.3"

[[package]]
name = "aws-cdk.aws-lambda"
version = "1.142.0"
description = "The CDK Construct Library for AWS::Lambda"
category = "main"
optional = false
python-versions = ">=3.6"

[package.dependencies]
"aws-cdk.aws-applicationautoscaling" = "1.142.0"
"aws-cdk.aws-cloudwatch" = "1.142.0"
"aws-cdk.aws-codeguruprofiler" = "1.142.0"
"aws-cdk.aws-ec2" = "1.142.0"
"aws-cdk.aws-ecr" = "1.142.0"
"aws-cdk.aws-ecr-assets" = "1.142.0"
"aws-cdk.aws-efs" = "1.142.0"
"aws-cdk.aws-events" = "1.142.0"
"aws-cdk.aws-iam" = "1.142.0"
"aws-cdk.aws-kms" = "1.142.0"
"aws-cdk.aws-logs" = "1.142.0"
"aws-cdk.aws-s3" = "1.142.0"
"aws-cdk.aws-s3-assets" = "1.142.0"
"aws-cdk.aws-signer" = "1.142.0"
"aws-cdk.aws-sqs" = "1.142.0"
"aws-cdk.core" = "1.142.0"
"aws-cdk.cx-api" = "1.142.0"
"aws-cdk.region-info" = "1.142.0"
constructs = ">=3.3.69,<4.0.0"
jsii = ">=1.52.1,<2.0.0"
publication = ">=0.0.3"

[[package]]
name = "aws-cdk.aws-logs"
version = "1.142.0"
description = "The CDK Construct Library for AWS::Logs"
category = "main"
optional = false
python-versions = ">=3.6"

[package.dependencies]
"aws-cdk.aws-cloudwatch" = "1.142.0"
"aws-cdk.aws-iam" = "1.142.0"
"aws-cdk.aws-kms" = "1.142.0"
"aws-cdk.aws-s3-assets" = "1.142.0"
"aws-cdk.core" = "1.142.0"
"aws-cdk.cx-api" = "1.142.0"
constructs = ">=3.3.69,<4.0.0"
jsii = ">=1.52.1,<2.0.0"
publication = ">=0.0.3"

[[package]]
name = "aws-cdk.aws-s3"
version = "1.142.0"
description = "The CDK Construct Library for AWS::S3"
category = "main"
optional = false
python-versions = ">=3.6"

[package.dependencies]
"aws-cdk.aws-events" = "1.142.0"
"aws-cdk.aws-iam" = "1.142.0"
"aws-cdk.aws-kms" = "1.142.0"
"aws-cdk.core" = "1.142.0"
"aws-cdk.cx-api" = "1.142.0"
constructs = ">=3.3.69,<4.0.0"
jsii = ">=1.52.1,<2.0.0"
publication = ">=0.0.3"

[[package]]
name = "aws-cdk.aws-s3-assets"
version = "1.142.0"
description = "Deploy local files and directories to S3"
category = "main"
optional = false
python-versions = ">=3.6"

[package.dependencies]
"aws-cdk.assets" = "1.142.0"
"aws-cdk.aws-iam" = "1.142.0"
"aws-cdk.aws-kms" = "1.142.0"
"aws-cdk.aws-s3" = "1.142.0"
"aws-cdk.core" = "1.142.0"
"aws-cdk.cx-api" = "1.142.0"
constructs = ">=3.3.69,<4.0.0"
jsii = ">=1.52.1,<2.0.0"
publication = ">=0.0.3"

[[package]]
name = "aws-cdk.aws-signer"
version = "1.142.0"
description = "The CDK Construct Library for AWS::Signer"
category = "main"
optional = false
python-versions = ">=3.6"

[package.dependencies]
"aws-cdk.core" = "1.142.0"
constructs = ">=3.3.69,<4.0.0"
jsii = ">=1.52.1,<2.0.0"
publication = ">=0.0.3"

[[package]]
name = "aws-cdk.aws-sqs"
version = "1.142.0"
description = "The CDK Construct Library for AWS::SQS"
category = "main"
optional = false
python-versions = ">=3.6"

[package.dependencies]
"aws-cdk.aws-cloudwatch" = "1.142.0"
"aws-cdk.aws-iam" = "1.142.0"
"aws-cdk.aws-kms" = "1.142.0"
"aws-cdk.core" = "1.142.0"
constructs = ">=3.3.69,<4.0.0"
jsii = ">=1.52.1,<2.0.0"
publication = ">=0.0.3"

[[package]]
name = "aws-cdk.aws-ssm"
version = "1.142.0"
description = "The CDK Construct Library for AWS::SSM"
category = "main"
optional = false
python-versions = ">=3.6"

[package.dependencies]
"aws-cdk.aws-iam" = "1.142.0"
"aws-cdk.aws-kms" = "1.142.0"
"aws-cdk.cloud-assembly-schema" = "1.142.0"
"aws-cdk.core" = "1.142.0"
constructs = ">=3.3.69,<4.0.0"
jsii = ">=1.52.1,<2.0.0"
publication = ">=0.0.3"

[[package]]
name = "aws-cdk.cloud-assembly-schema"
version = "1.142.0"
description = "Cloud Assembly Schema"
category = "main"
optional = false
python-versions = ">=3.6"

[package.dependencies]
jsii = ">=1.52.1,<2.0.0"
publication = ">=0.0.3"

[[package]]
name = "aws-cdk.core"
version = "1.142.0"
description = "AWS Cloud Development Kit Core Library"
category = "main"
optional = false
python-versions = ">=3.6"

[package.dependencies]
"aws-cdk.cloud-assembly-schema" = "1.142.0"
"aws-cdk.cx-api" = "1.142.0"
"aws-cdk.region-info" = "1.142.0"
constructs = ">=3.3.69,<4.0.0"
jsii = ">=1.52.1,<2.0.0"
publication = ">=0.0.3"

[[package]]
name = "aws-cdk.cx-api"
version = "1.142.0"
description = "Cloud executable protocol"
category = "main"
optional = false
python-versions = ">=3.6"

[package.dependencies]
"aws-cdk.cloud-assembly-schema" = "1.142.0"
jsii = ">=1.52.1,<2.0.0"
publication = ">=0.0.3"

[[package]]
name = "aws-cdk.region-info"
version = "1.142.0"
description = "AWS region information, such as service principal names"
category = "main"
optional = false
python-versions = ">=3.6"

[package.dependencies]
jsii = ">=1.52.1,<2.0.0"
publication = ">=0.0.3"

[[package]]
name = "black"
version = "21.9b0"
description = "The uncompromising code formatter."
category = "dev"
optional = false
python-versions = ">=3.6.2"

[package.dependencies]
click = ">=7.1.2"
mypy-extensions = ">=0.4.3"
pathspec = ">=0.9.0,<1"
platformdirs = ">=2"
regex = ">=2020.1.8"
tomli = ">=0.2.6,<2.0.0"
typing-extensions = [
    {version = ">=3.10.0.0", markers = "python_version < \"3.10\""},
    {version = "!=3.10.0.1", markers = "python_version >= \"3.10\""},
]

[package.extras]
colorama = ["colorama (>=0.4.3)"]
d = ["aiohttp (>=3.6.0)", "aiohttp-cors (>=0.4.0)"]
jupyter = ["ipython (>=7.8.0)", "tokenize-rt (>=3.2.0)"]
python2 = ["typed-ast (>=1.4.2)"]
uvloop = ["uvloop (>=0.15.2)"]

[[package]]
name = "boto3"
version = "1.20.46"
description = "The AWS SDK for Python"
category = "main"
optional = false
python-versions = ">= 3.6"

[package.dependencies]
botocore = ">=1.23.46,<1.24.0"
jmespath = ">=0.7.1,<1.0.0"
s3transfer = ">=0.5.0,<0.6.0"

[package.extras]
crt = ["botocore[crt] (>=1.21.0,<2.0a0)"]

[[package]]
name = "botocore"
version = "1.23.46"
description = "Low-level, data-driven core of boto 3."
category = "main"
optional = false
python-versions = ">= 3.6"

[package.dependencies]
jmespath = ">=0.7.1,<1.0.0"
python-dateutil = ">=2.1,<3.0.0"
urllib3 = ">=1.25.4,<1.27"

[package.extras]
crt = ["awscrt (==0.12.5)"]

[[package]]
name = "cattrs"
version = "1.8.0"
description = "Composable complex class support for attrs and dataclasses."
category = "main"
optional = false
python-versions = ">=3.7,<4.0"

[package.dependencies]
attrs = ">=20"

[[package]]
name = "click"
version = "8.0.1"
description = "Composable command line interface toolkit"
category = "dev"
optional = false
python-versions = ">=3.6"

[package.dependencies]
colorama = {version = "*", markers = "platform_system == \"Windows\""}

[[package]]
name = "colorama"
version = "0.4.4"
description = "Cross-platform colored terminal text."
category = "dev"
optional = false
python-versions = ">=2.7, !=3.0.*, !=3.1.*, !=3.2.*, !=3.3.*, !=3.4.*"

[[package]]
name = "constructs"
version = "3.3.147"
description = "A programming model for composable configuration"
category = "main"
optional = false
python-versions = ">=3.6"

[package.dependencies]
jsii = ">=1.34.0,<2.0.0"
publication = ">=0.0.3"

[[package]]
name = "fake_web_events"
version = "0.2.5"
description = ""
category = "main"
optional = false
python-versions = "*"
develop = false

[package.dependencies]
faker = "4.1.1"
pyaml = "20.4.0"

[package.source]
type = "git"
url = "https://github.com/felipewhitaker/fake-web-events"
reference = "master"
resolved_reference = "b2c13d65d0f02c9997051b5500e022d8990709ba"

[[package]]
name = "faker"
version = "4.1.1"
description = "Faker is a Python package that generates fake data for you."
category = "main"
optional = false
python-versions = ">=3.4"

[package.dependencies]
python-dateutil = ">=2.4"
text-unidecode = "1.3"

[[package]]
name = "jmespath"
version = "0.10.0"
description = "JSON Matching Expressions"
category = "main"
optional = false
python-versions = ">=2.6, !=3.0.*, !=3.1.*, !=3.2.*"

[[package]]
name = "jsii"
version = "1.52.1"
description = "Python client for jsii runtime"
category = "main"
optional = false
python-versions = "~=3.6"

[package.dependencies]
attrs = ">=21.2,<22.0"
cattrs = {version = ">=1.8,<1.11", markers = "python_version >= \"3.7\""}
python-dateutil = "*"
typing-extensions = ">=3.7,<5.0"

[[package]]
name = "mypy-extensions"
version = "0.4.3"
description = "Experimental type system extensions for programs checked with the mypy typechecker."
category = "dev"
optional = false
python-versions = "*"

[[package]]
name = "pathspec"
version = "0.9.0"
description = "Utility library for gitignore style pattern matching of file paths."
category = "dev"
optional = false
python-versions = "!=3.0.*,!=3.1.*,!=3.2.*,!=3.3.*,!=3.4.*,>=2.7"

[[package]]
name = "platformdirs"
version = "2.3.0"
description = "A small Python module for determining appropriate platform-specific dirs, e.g. a \"user data dir\"."
category = "dev"
optional = false
python-versions = ">=3.6"

[package.extras]
docs = ["Sphinx (>=4)", "furo (>=2021.7.5b38)", "proselint (>=0.10.2)", "sphinx-autodoc-typehints (>=1.12)"]
test = ["appdirs (==1.4.4)", "pytest (>=6)", "pytest-cov (>=2.7)", "pytest-mock (>=3.6)"]

[[package]]
name = "poetry-core"
version = "1.0.6"
description = "Poetry PEP 517 Build Backend"
category = "dev"
optional = false
python-versions = ">=2.7, !=3.0.*, !=3.1.*, !=3.2.*, !=3.3.*, !=3.4.*"

[[package]]
name = "poetry2setup"
version = "1.0.0"
description = "Convert python-poetry to setup.py"
category = "dev"
optional = false
python-versions = ">=2.7, !=3.0.*, !=3.1.*, !=3.2.*, !=3.3.*, !=3.4.*"

[package.dependencies]
poetry-core = ">=1.0.0,<2.0.0"

[[package]]
name = "publication"
version = "0.0.3"
description = "Publication helps you maintain public-api-friendly modules by preventing unintentional access to private implementation details via introspection."
category = "main"
optional = false
python-versions = "*"

[[package]]
name = "pyaml"
version = "20.4.0"
description = "PyYAML-based module to produce pretty and readable YAML-serialized data"
category = "main"
optional = false
python-versions = "*"

[package.dependencies]
PyYAML = "*"

[[package]]
name = "python-dateutil"
version = "2.8.2"
description = "Extensions to the standard Python datetime module"
category = "main"
optional = false
python-versions = "!=3.0.*,!=3.1.*,!=3.2.*,>=2.7"

[package.dependencies]
six = ">=1.5"

[[package]]
name = "pyyaml"
version = "5.4.1"
description = "YAML parser and emitter for Python"
category = "main"
optional = false
python-versions = ">=2.7, !=3.0.*, !=3.1.*, !=3.2.*, !=3.3.*, !=3.4.*, !=3.5.*"

[[package]]
name = "regex"
version = "2021.8.28"
description = "Alternative regular expression module, to replace re."
category = "dev"
optional = false
python-versions = "*"

[[package]]
name = "s3transfer"
version = "0.5.0"
description = "An Amazon S3 Transfer Manager"
category = "main"
optional = false
python-versions = ">= 3.6"

[package.dependencies]
botocore = ">=1.12.36,<2.0a.0"

[package.extras]
crt = ["botocore[crt] (>=1.20.29,<2.0a.0)"]

[[package]]
name = "six"
version = "1.16.0"
description = "Python 2 and 3 compatibility utilities"
category = "main"
optional = false
python-versions = ">=2.7, !=3.0.*, !=3.1.*, !=3.2.*"

[[package]]
name = "text-unidecode"
version = "1.3"
description = "The most basic Text::Unidecode port"
category = "main"
optional = false
python-versions = "*"

[[package]]
name = "tomli"
version = "1.2.1"
description = "A lil' TOML parser"
category = "dev"
optional = false
python-versions = ">=3.6"

[[package]]
name = "typing-extensions"
version = "3.10.0.2"
description = "Backported and Experimental Type Hints for Python 3.5+"
category = "main"
optional = false
python-versions = "*"

[[package]]
name = "urllib3"
version = "1.26.8"
description = "HTTP library with thread-safe connection pooling, file post, and more."
category = "main"
optional = false
python-versions = ">=2.7, !=3.0.*, !=3.1.*, !=3.2.*, !=3.3.*, !=3.4.*, <4"

[package.extras]
brotli = ["brotlipy (>=0.6.0)"]
secure = ["pyOpenSSL (>=0.14)", "cryptography (>=1.3.4)", "idna (>=2.0.0)", "certifi", "ipaddress"]
socks = ["PySocks (>=1.5.6,!=1.5.7,<2.0)"]

[metadata]
lock-version = "1.1"
python-versions = "^3.8"
content-hash = "bf63830a405444262f135ba057fbf9bef3dae56f01752c54b45e87fde4d8411f"

[metadata.files]
attrs = [
    {file = "attrs-21.2.0-py2.py3-none-any.whl", hash = "sha256:149e90d6d8ac20db7a955ad60cf0e6881a3f20d37096140088356da6c716b0b1"},
    {file = "attrs-21.2.0.tar.gz", hash = "sha256:ef6aaac3ca6cd92904cdd0d83f629a15f18053ec84e6432106f7a4d04ae4f5fb"},
]
"aws-cdk.assets" = [
    {file = "aws-cdk.assets-1.142.0.tar.gz", hash = "sha256:e0a3a6046466e0308b4e95de83a666b77e2d7a4518c322f7d4b49c3009c3f2e3"},
    {file = "aws_cdk.assets-1.142.0-py3-none-any.whl", hash = "sha256:f1a2d14d50f1ca7a3b13825b5122259aa9bb1bd831cd46ab13744cb3a8d1a529"},
]
"aws-cdk.aws-applicationautoscaling" = [
    {file = "aws-cdk.aws-applicationautoscaling-1.142.0.tar.gz", hash = "sha256:5714487bcb84d8be0f10231c3846f76334b5d8c9d2e45752600ada1b50f2b93f"},
    {file = "aws_cdk.aws_applicationautoscaling-1.142.0-py3-none-any.whl", hash = "sha256:24bc2372679743de88b9ff3c29ef56d7a977511544e6b79379c58d6507b90a8c"},
]
"aws-cdk.aws-autoscaling-common" = [
    {file = "aws-cdk.aws-autoscaling-common-1.142.0.tar.gz", hash = "sha256:3162d2a79bb6ac583bb96be4aafee2c59f556061670b91f4955f6e93ad87ce78"},
    {file = "aws_cdk.aws_autoscaling_common-1.142.0-py3-none-any.whl", hash = "sha256:8d719089fe9b81d2c425e96854dc2bdc7ed78cf5431f6f94d98e1eaa2ac6b249"},
]
"aws-cdk.aws-cloudwatch" = [
    {file = "aws-cdk.aws-cloudwatch-1.142.0.tar.gz", hash = "sha256:18e90041fdfb6dec6390f36c245e17961d5623daf188711ccf8323583f105954"},
    {file = "aws_cdk.aws_cloudwatch-1.142.0-py3-none-any.whl", hash = "sha256:3a50725607dc1d1427743b19280c4ee331c39b90a77f9e6e81430ffdec0d5596"},
]
"aws-cdk.aws-codeguruprofiler" = [
    {file = "aws-cdk.aws-codeguruprofiler-1.142.0.tar.gz", hash = "sha256:d55aba5a7da9c65a4f1111f67aac805e61bbd5ec5c62f3059d8fee2bf00e4bf3"},
    {file = "aws_cdk.aws_codeguruprofiler-1.142.0-py3-none-any.whl", hash = "sha256:6b66277092a104ebbfbe6ddac3bd6a2b3047327f9ea81911f03226fe3cc7a6dd"},
]
"aws-cdk.aws-ec2" = [
    {file = "aws-cdk.aws-ec2-1.142.0.tar.gz", hash = "sha256:2b6b023aad50675882d77a86c2f61b4d1cb4b313fbdbd4aac8856a0fc7d52172"},
    {file = "aws_cdk.aws_ec2-1.142.0-py3-none-any.whl", hash = "sha256:4aa5b162bf68da8f08ea84d7eda737009f76a6726b9bf649013109cac2c8be6f"},
]
"aws-cdk.aws-ecr" = [
    {file = "aws-cdk.aws-ecr-1.142.0.tar.gz", hash = "sha256:8a3a84a748ea683babd470799e631e33c6cd26d9628c4b191bee6256ae0ad865"},
    {file = "aws_cdk.aws_ecr-1.142.0-py3-none-any.whl", hash = "sha256:f4977e1c98f01e60ec901b9af86d3553e11f789901d30b7480bc1d55f5c9365c"},
]
"aws-cdk.aws-ecr-assets" = [
    {file = "aws-cdk.aws-ecr-assets-1.142.0.tar.gz", hash = "sha256:0abe23052400c75737407ffeda075a3f862ebec7b2bfeb1e58885950e0c8a9fb"},
    {file = "aws_cdk.aws_ecr_assets-1.142.0-py3-none-any.whl", hash = "sha256:9c5fbdcbf15acc2856e5f0fa13f6fdce17ebd2726898759499b0aefba5883261"},
]
"aws-cdk.aws-efs" = [
    {file = "aws-cdk.aws-efs-1.142.0.tar.gz", hash = "sha256:3c23513704d0c850cde10152e5cafee0471f8d47ebd2c9e1fbee97d39c8d3378"},
    {file = "aws_cdk.aws_efs-1.142.0-py3-none-any.whl", hash = "sha256:2a92ee948ddc205d5a68245e645b81e89580d75b00a3db16cdde13e7ca41a54b"},
]
"aws-cdk.aws-events" = [
    {file = "aws-cdk.aws-events-1.142.0.tar.gz", hash = "sha256:f769b3255703d3bdc596a540381bde8e9e06917f32fe0275270f8719ccceadb6"},
    {file = "aws_cdk.aws_events-1.142.0-py3-none-any.whl", hash = "sha256:807d7b180d5b0731e797cf9a9b534a238b8bca990fa50409c09118314f0955b0"},
]
"aws-cdk.aws-iam" = [
    {file = "aws-cdk.aws-iam-1.142.0.tar.gz", hash = "sha256:c0ebf11bb1b4e0268be6bf6ce7adb85ea2d6fc3aaec7a8d68cefb08e86c3d432"},
    {file = "aws_cdk.aws_iam-1.142.0-py3-none-any.whl", hash = "sha256:499100804f7bdb1edb4b905c8af1f25722edb5990f11fa325f958c28ab403253"},
]
"aws-cdk.aws-kinesis" = [
    {file = "aws-cdk.aws-kinesis-1.142.0.tar.gz", hash = "sha256:550ef6005d9a483f6d9ef4bc9d222b85e978ca94e3e3d8b7cff795be8f428bc8"},
    {file = "aws_cdk.aws_kinesis-1.142.0-py3-none-any.whl", hash = "sha256:7e8a25c01e7a68ca0930c0d3eb06321fe0001867e76233af3dcb13cf43464c12"},
]
"aws-cdk.aws-kinesisfirehose" = [
    {file = "aws-cdk.aws-kinesisfirehose-1.142.0.tar.gz", hash = "sha256:b8cddd93674ba2b9953878fee45ce8e2ccacfda5d627288c3fa6b819076c1202"},
    {file = "aws_cdk.aws_kinesisfirehose-1.142.0-py3-none-any.whl", hash = "sha256:0e2da35fc447a953c7e6789980ef1c8d7e7427ed9e5f096ad01c4ebf4b4b13a5"},
]
"aws-cdk.aws-kms" = [
    {file = "aws-cdk.aws-kms-1.142.0.tar.gz", hash = "sha256:acbeb70cb75ceff21a47f00dc47794223b2babeb8fe50570e690f887ad133a72"},
    {file = "aws_cdk.aws_kms-1.142.0-py3-none-any.whl", hash = "sha256:eef28d50415531996a31b7ce8019c4ab5660651c81d731bf9f1bac35a4f76973"},
]
"aws-cdk.aws-lambda" = [
    {file = "aws-cdk.aws-lambda-1.142.0.tar.gz", hash = "sha256:1a3d4e87822ccb2c63b20045bf996511fce75639037cd91251b3020253b8745d"},
    {file = "aws_cdk.aws_lambda-1.142.0-py3-none-any.whl", hash = "sha256:381dc6b15f337868eaaa9ecc7b2487b33b637fb3ca29bc9517c78f5c61578a2a"},
]
"aws-cdk.aws-logs" = [
    {file = "aws-cdk.aws-logs-1.142.0.tar.gz", hash = "sha256:8cb424168804d69ed64575c5f465798f6320f41d851d8d79ac8553d2c481ed7e"},
    {file = "aws_cdk.aws_logs-1.142.0-py3-none-any.whl", hash = "sha256:b96d2c8adaccc05aa1d9770c4f319bbfa8be5764575e4ab647c510c9658a740a"},
]
"aws-cdk.aws-s3" = [
    {file = "aws-cdk.aws-s3-1.142.0.tar.gz", hash = "sha256:09ed05e2dc9e59c3173a0da263a116b041ad90e31bf5809e09d9c27efe5d20c1"},
    {file = "aws_cdk.aws_s3-1.142.0-py3-none-any.whl", hash = "sha256:d83b0a0f51a7978ac502e65a641c4446ba6cdc10ffbbaa08d2c885e0bdbcb9cf"},
]
"aws-cdk.aws-s3-assets" = [
    {file = "aws-cdk.aws-s3-assets-1.142.0.tar.gz", hash = "sha256:f319284dc6331e5eb001ffb812b52cc2137dc544dca322d9047ad2556794b0ef"},
    {file = "aws_cdk.aws_s3_assets-1.142.0-py3-none-any.whl", hash = "sha256:98d08e873b90211fa378e64a3d82819634c12fd445ee6600e87e123e3c11246b"},
]
"aws-cdk.aws-signer" = [
    {file = "aws-cdk.aws-signer-1.142.0.tar.gz", hash = "sha256:0546b77c07493384f4f9d8fa46462ca9f5f09bb1d6f338274c2403f02b61fff0"},
    {file = "aws_cdk.aws_signer-1.142.0-py3-none-any.whl", hash = "sha256:b38722a6677fa5cf29adecbe29ca8ec07d8362957af8e29bc5b6b90f4cbdcf1e"},
]
"aws-cdk.aws-sqs" = [
    {file = "aws-cdk.aws-sqs-1.142.0.tar.gz", hash = "sha256:dd433879efe1621bded77a63a81cf2eabc576cfa74d5e263b366ca180dc4dc1c"},
    {file = "aws_cdk.aws_sqs-1.142.0-py3-none-any.whl", hash = "sha256:185c0f1434c07a324f9e6a96c174ccdf0bd31263293db1392542c3a215352770"},
]
"aws-cdk.aws-ssm" = [
    {file = "aws-cdk.aws-ssm-1.142.0.tar.gz", hash = "sha256:b350662c32576b1eb5e32b49f4a4dd81c60362a0155e3bb12d1b61d555f57095"},
    {file = "aws_cdk.aws_ssm-1.142.0-py3-none-any.whl", hash = "sha256:b3434f166a854de24816e1153d6c4a294a19a62d00e8a8d0a11ecdb148bd025b"},
]
"aws-cdk.cloud-assembly-schema" = [
    {file = "aws-cdk.cloud-assembly-schema-1.142.0.tar.gz", hash = "sha256:6fa68c0276b013ad083072214e037defaad300b7326b15ba2a8fc4bdffcdc906"},
    {file = "aws_cdk.cloud_assembly_schema-1.142.0-py3-none-any.whl", hash = "sha256:8a099b72a6ff97a589e1c20cc5815094ebef00ae940757272ea6bdceeaded2e6"},
]
"aws-cdk.core" = [
    {file = "aws-cdk.core-1.142.0.tar.gz", hash = "sha256:99f6ee14c6b2ff4caf52597baac4d6c724e8b5a97378f92fb2f265d800e7fb5c"},
    {file = "aws_cdk.core-1.142.0-py3-none-any.whl", hash = "sha256:047664ef6dbd805bc00d73ad81193291ccb7c90f907e0a9e0bc23e744c3a6491"},
]
"aws-cdk.cx-api" = [
    {file = "aws-cdk.cx-api-1.142.0.tar.gz", hash = "sha256:9bf94daedfb5a18e27d036100aec2a6d9105dffa82d3b094e92b7ecd5ec65c0f"},
    {file = "aws_cdk.cx_api-1.142.0-py3-none-any.whl", hash = "sha256:7aa80dc47d799f091a317a0b2390f34f1681caa4193b9501faa87fa6ab455d9f"},
]
"aws-cdk.region-info" = [
    {file = "aws-cdk.region-info-1.142.0.tar.gz", hash = "sha256:5567ba68d4b0c0f2b8dc3c2aeaf1536c1b68c239478df9e0e4fb0672d6efc685"},
    {file = "aws_cdk.region_info-1.142.0-py3-none-any.whl", hash = "sha256:bb8b7942db23715bfd873b40709b42cd613a8f35ebc4c763f744446404fe33f6"},
]
black = [
    {file = "black-21.9b0-py3-none-any.whl", hash = "sha256:380f1b5da05e5a1429225676655dddb96f5ae8c75bdf91e53d798871b902a115"},
    {file = "black-21.9b0.tar.gz", hash = "sha256:7de4cfc7eb6b710de325712d40125689101d21d25283eed7e9998722cf10eb91"},
]
boto3 = [
    {file = "boto3-1.20.46-py3-none-any.whl", hash = "sha256:a2ffce001160d7e7c72a90c3084700d50eb64ea4a3aae8afe21566971d1fd611"},
    {file = "boto3-1.20.46.tar.gz", hash = "sha256:d7effba509d7298ef49316ba2da7a2ea115f2a7ff691f875f6354666663cf386"},
]
botocore = [
    {file = "botocore-1.23.46-py3-none-any.whl", hash = "sha256:354bce55e5adc8e2fe106acfd455ce448f9b920d7b697d06faa8cf200fd6566b"},
    {file = "botocore-1.23.46.tar.gz", hash = "sha256:38dd4564839f531725b667db360ba7df2125ceb3752b0ba12759c3e918015b95"},
]
cattrs = [
    {file = "cattrs-1.8.0-py3-none-any.whl", hash = "sha256:901fb2040529ae8fc9d93f48a2cdf7de3e983312ffb2a164ffa4e9847f253af1"},
    {file = "cattrs-1.8.0.tar.gz", hash = "sha256:5c121ab06a7cac494813c228721a7feb5a6423b17316eeaebf13f5a03e5b0d53"},
]
click = [
    {file = "click-8.0.1-py3-none-any.whl", hash = "sha256:fba402a4a47334742d782209a7c79bc448911afe1149d07bdabdf480b3e2f4b6"},
    {file = "click-8.0.1.tar.gz", hash = "sha256:8c04c11192119b1ef78ea049e0a6f0463e4c48ef00a30160c704337586f3ad7a"},
]
colorama = [
    {file = "colorama-0.4.4-py2.py3-none-any.whl", hash = "sha256:9f47eda37229f68eee03b24b9748937c7dc3868f906e8ba69fbcbdd3bc5dc3e2"},
    {file = "colorama-0.4.4.tar.gz", hash = "sha256:5941b2b48a20143d2267e95b1c2a7603ce057ee39fd88e7329b0c292aa16869b"},
]
constructs = [
    {file = "constructs-3.3.147-py3-none-any.whl", hash = "sha256:d0c386a28447d48717875a88e0074dfee5cf987fe1b2260bc8c3809dadbadc0d"},
    {file = "constructs-3.3.147.tar.gz", hash = "sha256:3ce952a708e09e634415a6ab8f39de6adcda3230474f8a8e654f10f7c2f9a71b"},
]
fake_web_events = []
faker = [
    {file = "Faker-4.1.1-py3-none-any.whl", hash = "sha256:1290f589648bc470b8d98fff1fdff773fe3f46b4ca2cac73ac74668b12cf008e"},
    {file = "Faker-4.1.1.tar.gz", hash = "sha256:c006b3664c270a2cfd4785c5e41ff263d48101c4e920b5961cf9c237131d8418"},
]
jmespath = [
    {file = "jmespath-0.10.0-py2.py3-none-any.whl", hash = "sha256:cdf6525904cc597730141d61b36f2e4b8ecc257c420fa2f4549bac2c2d0cb72f"},
    {file = "jmespath-0.10.0.tar.gz", hash = "sha256:b85d0567b8666149a93172712e68920734333c0ce7e89b78b3e987f71e5ed4f9"},
]
jsii = [
    {file = "jsii-1.52.1-py3-none-any.whl", hash = "sha256:c1477f17275d62fbda28ea25c1f0a6cd1d95c1b73dda70835f33e34f0b70ac52"},
    {file = "jsii-1.52.1.tar.gz", hash = "sha256:32f886e99c06a23943986e9580f553860aabeb91dc3a3520d5b76fef1e631c04"},
]
mypy-extensions = [
    {file = "mypy_extensions-0.4.3-py2.py3-none-any.whl", hash = "sha256:090fedd75945a69ae91ce1303b5824f428daf5a028d2f6ab8a299250a846f15d"},
    {file = "mypy_extensions-0.4.3.tar.gz", hash = "sha256:2d82818f5bb3e369420cb3c4060a7970edba416647068eb4c5343488a6c604a8"},
]
pathspec = [
    {file = "pathspec-0.9.0-py2.py3-none-any.whl", hash = "sha256:7d15c4ddb0b5c802d161efc417ec1a2558ea2653c2e8ad9c19098201dc1c993a"},
    {file = "pathspec-0.9.0.tar.gz", hash = "sha256:e564499435a2673d586f6b2130bb5b95f04a3ba06f81b8f895b651a3c76aabb1"},
]
platformdirs = [
    {file = "platformdirs-2.3.0-py3-none-any.whl", hash = "sha256:8003ac87717ae2c7ee1ea5a84a1a61e87f3fbd16eb5aadba194ea30a9019f648"},
    {file = "platformdirs-2.3.0.tar.gz", hash = "sha256:15b056538719b1c94bdaccb29e5f81879c7f7f0f4a153f46086d155dffcd4f0f"},
]
poetry-core = [
    {file = "poetry-core-1.0.6.tar.gz", hash = "sha256:dd3c97003579242236890306836f2acc86d9741e6bea320dda6f844f16b0d845"},
    {file = "poetry_core-1.0.6-py2.py3-none-any.whl", hash = "sha256:4ef68b4a55a8a95a60e6a312317e5a2f2af7590cf3d46b6bfe648c1e5f13cc48"},
]
poetry2setup = [
    {file = "poetry2setup-1.0.0-py2.py3-none-any.whl", hash = "sha256:b69a4efabfda24870fd8d08b37b15fbbee5eec0b62711feaef610f94835517be"},
    {file = "poetry2setup-1.0.0.tar.gz", hash = "sha256:ef1177303996b661eeec3de5027a1af84e106a1d2cb92c73152fe6ce47700cc3"},
]
publication = [
    {file = "publication-0.0.3-py2.py3-none-any.whl", hash = "sha256:0248885351febc11d8a1098d5c8e3ab2dabcf3e8c0c96db1e17ecd12b53afbe6"},
    {file = "publication-0.0.3.tar.gz", hash = "sha256:68416a0de76dddcdd2930d1c8ef853a743cc96c82416c4e4d3b5d901c6276dc4"},
]
pyaml = [
    {file = "pyaml-20.4.0-py2.py3-none-any.whl", hash = "sha256:67081749a82b72c45e5f7f812ee3a14a03b3f5c25ff36ec3b290514f8c4c4b99"},
    {file = "pyaml-20.4.0.tar.gz", hash = "sha256:29a5c2a68660a799103d6949167bd6c7953d031449d08802386372de1db6ad71"},
]
python-dateutil = [
    {file = "python-dateutil-2.8.2.tar.gz", hash = "sha256:0123cacc1627ae19ddf3c27a5de5bd67ee4586fbdd6440d9748f8abb483d3e86"},
    {file = "python_dateutil-2.8.2-py2.py3-none-any.whl", hash = "sha256:961d03dc3453ebbc59dbdea9e4e11c5651520a876d0f4db161e8674aae935da9"},
]
pyyaml = [
    {file = "PyYAML-5.4.1-cp27-cp27m-macosx_10_9_x86_64.whl", hash = "sha256:3b2b1824fe7112845700f815ff6a489360226a5609b96ec2190a45e62a9fc922"},
    {file = "PyYAML-5.4.1-cp27-cp27m-win32.whl", hash = "sha256:129def1b7c1bf22faffd67b8f3724645203b79d8f4cc81f674654d9902cb4393"},
    {file = "PyYAML-5.4.1-cp27-cp27m-win_amd64.whl", hash = "sha256:4465124ef1b18d9ace298060f4eccc64b0850899ac4ac53294547536533800c8"},
    {file = "PyYAML-5.4.1-cp27-cp27mu-manylinux1_x86_64.whl", hash = "sha256:bb4191dfc9306777bc594117aee052446b3fa88737cd13b7188d0e7aa8162185"},
    {file = "PyYAML-5.4.1-cp36-cp36m-macosx_10_9_x86_64.whl", hash = "sha256:6c78645d400265a062508ae399b60b8c167bf003db364ecb26dcab2bda048253"},
    {file = "PyYAML-5.4.1-cp36-cp36m-manylinux1_x86_64.whl", hash = "sha256:4e0583d24c881e14342eaf4ec5fbc97f934b999a6828693a99157fde912540cc"},
    {file = "PyYAML-5.4.1-cp36-cp36m-manylinux2014_aarch64.whl", hash = "sha256:72a01f726a9c7851ca9bfad6fd09ca4e090a023c00945ea05ba1638c09dc3347"},
    {file = "PyYAML-5.4.1-cp36-cp36m-manylinux2014_s390x.whl", hash = "sha256:895f61ef02e8fed38159bb70f7e100e00f471eae2bc838cd0f4ebb21e28f8541"},
    {file = "PyYAML-5.4.1-cp36-cp36m-win32.whl", hash = "sha256:3bd0e463264cf257d1ffd2e40223b197271046d09dadf73a0fe82b9c1fc385a5"},
    {file = "PyYAML-5.4.1-cp36-cp36m-win_amd64.whl", hash = "sha256:e4fac90784481d221a8e4b1162afa7c47ed953be40d31ab4629ae917510051df"},
    {file = "PyYAML-5.4.1-cp37-cp37m-macosx_10_9_x86_64.whl", hash = "sha256:5accb17103e43963b80e6f837831f38d314a0495500067cb25afab2e8d7a4018"},
    {file = "PyYAML-5.4.1-cp37-cp37m-manylinux1_x86_64.whl", hash = "sha256:e1d4970ea66be07ae37a3c2e48b5ec63f7ba6804bdddfdbd3cfd954d25a82e63"},
    {file = "PyYAML-5.4.1-cp37-cp37m-manylinux2014_aarch64.whl", hash = "sha256:cb333c16912324fd5f769fff6bc5de372e9e7a202247b48870bc251ed40239aa"},
    {file = "PyYAML-5.4.1-cp37-cp37m-manylinux2014_s390x.whl", hash = "sha256:fe69978f3f768926cfa37b867e3843918e012cf83f680806599ddce33c2c68b0"},
    {file = "PyYAML-5.4.1-cp37-cp37m-win32.whl", hash = "sha256:dd5de0646207f053eb0d6c74ae45ba98c3395a571a2891858e87df7c9b9bd51b"},
    {file = "PyYAML-5.4.1-cp37-cp37m-win_amd64.whl", hash = "sha256:08682f6b72c722394747bddaf0aa62277e02557c0fd1c42cb853016a38f8dedf"},
    {file = "PyYAML-5.4.1-cp38-cp38-macosx_10_9_x86_64.whl", hash = "sha256:d2d9808ea7b4af864f35ea216be506ecec180628aced0704e34aca0b040ffe46"},
    {file = "PyYAML-5.4.1-cp38-cp38-manylinux1_x86_64.whl", hash = "sha256:8c1be557ee92a20f184922c7b6424e8ab6691788e6d86137c5d93c1a6ec1b8fb"},
    {file = "PyYAML-5.4.1-cp38-cp38-manylinux2014_aarch64.whl", hash = "sha256:fd7f6999a8070df521b6384004ef42833b9bd62cfee11a09bda1079b4b704247"},
    {file = "PyYAML-5.4.1-cp38-cp38-manylinux2014_s390x.whl", hash = "sha256:bfb51918d4ff3d77c1c856a9699f8492c612cde32fd3bcd344af9be34999bfdc"},
    {file = "PyYAML-5.4.1-cp38-cp38-win32.whl", hash = "sha256:fa5ae20527d8e831e8230cbffd9f8fe952815b2b7dae6ffec25318803a7528fc"},
    {file = "PyYAML-5.4.1-cp38-cp38-win_amd64.whl", hash = "sha256:0f5f5786c0e09baddcd8b4b45f20a7b5d61a7e7e99846e3c799b05c7c53fa696"},
    {file = "PyYAML-5.4.1-cp39-cp39-macosx_10_9_x86_64.whl", hash = "sha256:294db365efa064d00b8d1ef65d8ea2c3426ac366c0c4368d930bf1c5fb497f77"},
    {file = "PyYAML-5.4.1-cp39-cp39-manylinux1_x86_64.whl", hash = "sha256:74c1485f7707cf707a7aef42ef6322b8f97921bd89be2ab6317fd782c2d53183"},
    {file = "PyYAML-5.4.1-cp39-cp39-manylinux2014_aarch64.whl", hash = "sha256:d483ad4e639292c90170eb6f7783ad19490e7a8defb3e46f97dfe4bacae89122"},
    {file = "PyYAML-5.4.1-cp39-cp39-manylinux2014_s390x.whl", hash = "sha256:fdc842473cd33f45ff6bce46aea678a54e3d21f1b61a7750ce3c498eedfe25d6"},
    {file = "PyYAML-5.4.1-cp39-cp39-win32.whl", hash = "sha256:49d4cdd9065b9b6e206d0595fee27a96b5dd22618e7520c33204a4a3239d5b10"},
    {file = "PyYAML-5.4.1-cp39-cp39-win_amd64.whl", hash = "sha256:c20cfa2d49991c8b4147af39859b167664f2ad4561704ee74c1de03318e898db"},
    {file = "PyYAML-5.4.1.tar.gz", hash = "sha256:607774cbba28732bfa802b54baa7484215f530991055bb562efbed5b2f20a45e"},
]
regex = [
    {file = "regex-2021.8.28-cp310-cp310-macosx_10_9_x86_64.whl", hash = "sha256:9d05ad5367c90814099000442b2125535e9d77581855b9bee8780f1b41f2b1a2"},
    {file = "regex-2021.8.28-cp310-cp310-manylinux_2_17_aarch64.manylinux2014_aarch64.whl", hash = "sha256:f3bf1bc02bc421047bfec3343729c4bbbea42605bcfd6d6bfe2c07ade8b12d2a"},
    {file = "regex-2021.8.28-cp310-cp310-manylinux_2_17_x86_64.manylinux2014_x86_64.whl", hash = "sha256:5f6a808044faae658f546dd5f525e921de9fa409de7a5570865467f03a626fc0"},
    {file = "regex-2021.8.28-cp310-cp310-manylinux_2_5_i686.manylinux1_i686.manylinux_2_12_i686.manylinux2010_i686.whl", hash = "sha256:a617593aeacc7a691cc4af4a4410031654f2909053bd8c8e7db837f179a630eb"},
    {file = "regex-2021.8.28-cp310-cp310-manylinux_2_5_i686.manylinux1_i686.manylinux_2_17_i686.manylinux2014_i686.whl", hash = "sha256:79aef6b5cd41feff359acaf98e040844613ff5298d0d19c455b3d9ae0bc8c35a"},
    {file = "regex-2021.8.28-cp310-cp310-manylinux_2_5_x86_64.manylinux1_x86_64.manylinux_2_12_x86_64.manylinux2010_x86_64.whl", hash = "sha256:0fc1f8f06977c2d4f5e3d3f0d4a08089be783973fc6b6e278bde01f0544ff308"},
    {file = "regex-2021.8.28-cp310-cp310-win32.whl", hash = "sha256:6eebf512aa90751d5ef6a7c2ac9d60113f32e86e5687326a50d7686e309f66ed"},
    {file = "regex-2021.8.28-cp310-cp310-win_amd64.whl", hash = "sha256:ac88856a8cbccfc14f1b2d0b829af354cc1743cb375e7f04251ae73b2af6adf8"},
    {file = "regex-2021.8.28-cp36-cp36m-macosx_10_9_x86_64.whl", hash = "sha256:c206587c83e795d417ed3adc8453a791f6d36b67c81416676cad053b4104152c"},
    {file = "regex-2021.8.28-cp36-cp36m-manylinux_2_17_aarch64.manylinux2014_aarch64.whl", hash = "sha256:e8690ed94481f219a7a967c118abaf71ccc440f69acd583cab721b90eeedb77c"},
    {file = "regex-2021.8.28-cp36-cp36m-manylinux_2_17_x86_64.manylinux2014_x86_64.whl", hash = "sha256:328a1fad67445550b982caa2a2a850da5989fd6595e858f02d04636e7f8b0b13"},
    {file = "regex-2021.8.28-cp36-cp36m-manylinux_2_5_i686.manylinux1_i686.manylinux_2_12_i686.manylinux2010_i686.whl", hash = "sha256:c7cb4c512d2d3b0870e00fbbac2f291d4b4bf2634d59a31176a87afe2777c6f0"},
    {file = "regex-2021.8.28-cp36-cp36m-manylinux_2_5_i686.manylinux1_i686.manylinux_2_17_i686.manylinux2014_i686.whl", hash = "sha256:66256b6391c057305e5ae9209941ef63c33a476b73772ca967d4a2df70520ec1"},
    {file = "regex-2021.8.28-cp36-cp36m-manylinux_2_5_x86_64.manylinux1_x86_64.manylinux_2_12_x86_64.manylinux2010_x86_64.whl", hash = "sha256:8e44769068d33e0ea6ccdf4b84d80c5afffe5207aa4d1881a629cf0ef3ec398f"},
    {file = "regex-2021.8.28-cp36-cp36m-win32.whl", hash = "sha256:08d74bfaa4c7731b8dac0a992c63673a2782758f7cfad34cf9c1b9184f911354"},
    {file = "regex-2021.8.28-cp36-cp36m-win_amd64.whl", hash = "sha256:abb48494d88e8a82601af905143e0de838c776c1241d92021e9256d5515b3645"},
    {file = "regex-2021.8.28-cp37-cp37m-macosx_10_9_x86_64.whl", hash = "sha256:b4c220a1fe0d2c622493b0a1fd48f8f991998fb447d3cd368033a4b86cf1127a"},
    {file = "regex-2021.8.28-cp37-cp37m-manylinux_2_17_aarch64.manylinux2014_aarch64.whl", hash = "sha256:d4a332404baa6665b54e5d283b4262f41f2103c255897084ec8f5487ce7b9e8e"},
    {file = "regex-2021.8.28-cp37-cp37m-manylinux_2_17_x86_64.manylinux2014_x86_64.whl", hash = "sha256:c61dcc1cf9fd165127a2853e2c31eb4fb961a4f26b394ac9fe5669c7a6592892"},
    {file = "regex-2021.8.28-cp37-cp37m-manylinux_2_5_i686.manylinux1_i686.manylinux_2_12_i686.manylinux2010_i686.whl", hash = "sha256:ee329d0387b5b41a5dddbb6243a21cb7896587a651bebb957e2d2bb8b63c0791"},
    {file = "regex-2021.8.28-cp37-cp37m-manylinux_2_5_i686.manylinux1_i686.manylinux_2_17_i686.manylinux2014_i686.whl", hash = "sha256:f60667673ff9c249709160529ab39667d1ae9fd38634e006bec95611f632e759"},
    {file = "regex-2021.8.28-cp37-cp37m-manylinux_2_5_x86_64.manylinux1_x86_64.manylinux_2_12_x86_64.manylinux2010_x86_64.whl", hash = "sha256:b844fb09bd9936ed158ff9df0ab601e2045b316b17aa8b931857365ea8586906"},
    {file = "regex-2021.8.28-cp37-cp37m-win32.whl", hash = "sha256:4cde065ab33bcaab774d84096fae266d9301d1a2f5519d7bd58fc55274afbf7a"},
    {file = "regex-2021.8.28-cp37-cp37m-win_amd64.whl", hash = "sha256:1413b5022ed6ac0d504ba425ef02549a57d0f4276de58e3ab7e82437892704fc"},
    {file = "regex-2021.8.28-cp38-cp38-macosx_10_9_x86_64.whl", hash = "sha256:ed4b50355b066796dacdd1cf538f2ce57275d001838f9b132fab80b75e8c84dd"},
    {file = "regex-2021.8.28-cp38-cp38-manylinux_2_17_aarch64.manylinux2014_aarch64.whl", hash = "sha256:28fc475f560d8f67cc8767b94db4c9440210f6958495aeae70fac8faec631797"},
    {file = "regex-2021.8.28-cp38-cp38-manylinux_2_17_x86_64.manylinux2014_x86_64.whl", hash = "sha256:bdc178caebd0f338d57ae445ef8e9b737ddf8fbc3ea187603f65aec5b041248f"},
    {file = "regex-2021.8.28-cp38-cp38-manylinux_2_5_i686.manylinux1_i686.manylinux_2_12_i686.manylinux2010_i686.whl", hash = "sha256:999ad08220467b6ad4bd3dd34e65329dd5d0df9b31e47106105e407954965256"},
    {file = "regex-2021.8.28-cp38-cp38-manylinux_2_5_i686.manylinux1_i686.manylinux_2_17_i686.manylinux2014_i686.whl", hash = "sha256:808ee5834e06f57978da3e003ad9d6292de69d2bf6263662a1a8ae30788e080b"},
    {file = "regex-2021.8.28-cp38-cp38-manylinux_2_5_x86_64.manylinux1_x86_64.manylinux_2_12_x86_64.manylinux2010_x86_64.whl", hash = "sha256:d5111d4c843d80202e62b4fdbb4920db1dcee4f9366d6b03294f45ed7b18b42e"},
    {file = "regex-2021.8.28-cp38-cp38-win32.whl", hash = "sha256:473858730ef6d6ff7f7d5f19452184cd0caa062a20047f6d6f3e135a4648865d"},
    {file = "regex-2021.8.28-cp38-cp38-win_amd64.whl", hash = "sha256:31a99a4796bf5aefc8351e98507b09e1b09115574f7c9dbb9cf2111f7220d2e2"},
    {file = "regex-2021.8.28-cp39-cp39-macosx_10_9_x86_64.whl", hash = "sha256:04f6b9749e335bb0d2f68c707f23bb1773c3fb6ecd10edf0f04df12a8920d468"},
    {file = "regex-2021.8.28-cp39-cp39-manylinux_2_17_aarch64.manylinux2014_aarch64.whl", hash = "sha256:9b006628fe43aa69259ec04ca258d88ed19b64791693df59c422b607b6ece8bb"},
    {file = "regex-2021.8.28-cp39-cp39-manylinux_2_17_x86_64.manylinux2014_x86_64.whl", hash = "sha256:121f4b3185feaade3f85f70294aef3f777199e9b5c0c0245c774ae884b110a2d"},
    {file = "regex-2021.8.28-cp39-cp39-manylinux_2_5_i686.manylinux1_i686.manylinux_2_12_i686.manylinux2010_i686.whl", hash = "sha256:a577a21de2ef8059b58f79ff76a4da81c45a75fe0bfb09bc8b7bb4293fa18983"},
    {file = "regex-2021.8.28-cp39-cp39-manylinux_2_5_i686.manylinux1_i686.manylinux_2_17_i686.manylinux2014_i686.whl", hash = "sha256:1743345e30917e8c574f273f51679c294effba6ad372db1967852f12c76759d8"},
    {file = "regex-2021.8.28-cp39-cp39-manylinux_2_5_x86_64.manylinux1_x86_64.manylinux_2_12_x86_64.manylinux2010_x86_64.whl", hash = "sha256:e1e8406b895aba6caa63d9fd1b6b1700d7e4825f78ccb1e5260551d168db38ed"},
    {file = "regex-2021.8.28-cp39-cp39-win32.whl", hash = "sha256:ed283ab3a01d8b53de3a05bfdf4473ae24e43caee7dcb5584e86f3f3e5ab4374"},
    {file = "regex-2021.8.28-cp39-cp39-win_amd64.whl", hash = "sha256:610b690b406653c84b7cb6091facb3033500ee81089867ee7d59e675f9ca2b73"},
    {file = "regex-2021.8.28.tar.gz", hash = "sha256:f585cbbeecb35f35609edccb95efd95a3e35824cd7752b586503f7e6087303f1"},
]
s3transfer = [
    {file = "s3transfer-0.5.0-py3-none-any.whl", hash = "sha256:9c1dc369814391a6bda20ebbf4b70a0f34630592c9aa520856bf384916af2803"},
    {file = "s3transfer-0.5.0.tar.gz", hash = "sha256:50ed823e1dc5868ad40c8dc92072f757aa0e653a192845c94a3b676f4a62da4c"},
]
six = [
    {file = "six-1.16.0-py2.py3-none-any.whl", hash = "sha256:8abb2f1d86890a2dfb989f9a77cfcfd3e47c2a354b01111771326f8aa26e0254"},
    {file = "six-1.16.0.tar.gz", hash = "sha256:1e61c37477a1626458e36f7b1d82aa5c9b094fa4802892072e49de9c60c4c926"},
]
text-unidecode = [
    {file = "text-unidecode-1.3.tar.gz", hash = "sha256:bad6603bb14d279193107714b288be206cac565dfa49aa5b105294dd5c4aab93"},
    {file = "text_unidecode-1.3-py2.py3-none-any.whl", hash = "sha256:1311f10e8b895935241623731c2ba64f4c455287888b18189350b67134a822e8"},
]
tomli = [
    {file = "tomli-1.2.1-py3-none-any.whl", hash = "sha256:8dd0e9524d6f386271a36b41dbf6c57d8e32fd96fd22b6584679dc569d20899f"},
    {file = "tomli-1.2.1.tar.gz", hash = "sha256:a5b75cb6f3968abb47af1b40c1819dc519ea82bcc065776a866e8d74c5ca9442"},
]
typing-extensions = [
    {file = "typing_extensions-3.10.0.2-py2-none-any.whl", hash = "sha256:d8226d10bc02a29bcc81df19a26e56a9647f8b0a6d4a83924139f4a8b01f17b7"},
    {file = "typing_extensions-3.10.0.2-py3-none-any.whl", hash = "sha256:f1d25edafde516b146ecd0613dabcc61409817af4766fbbcfb8d1ad4ec441a34"},
    {file = "typing_extensions-3.10.0.2.tar.gz", hash = "sha256:49f75d16ff11f1cd258e1b988ccff82a3ca5570217d7ad8c5f48205dd99a677e"},
]
urllib3 = [
    {file = "urllib3-1.26.8-py2.py3-none-any.whl", hash = "sha256:000ca7f471a233c2251c6c7023ee85305721bfdf18621ebff4fd17a8653427ed"},
    {file = "urllib3-1.26.8.tar.gz", hash = "sha256:0e7c33d9a63e7ddfcb86780aac87befc2fbddf46c58dbb487e0855f7ceec283c"},
]
